
Microsoft Visual Studio Solution File, Format Version 12.00
# Visual Studio Version 16
VisualStudioVersion = 16.0.31321.278
MinimumVisualStudioVersion = 10.0.40219.1
Project("{FAE04EC0-301F-11D3-BF4B-00C04F79EFBC}") = "22.08.22", "22.08.22.csproj", "{4F7C27F4-96EB-4C70-9777-4EE0F79D310E}"
EndProject
Global
	GlobalSection(SolutionConfigurationPlatforms) = preSolution
		Debug|Any CPU = Debug|Any CPU
		Release|Any CPU = Release|Any CPU
	EndGlobalSection
	GlobalSection(ProjectConfigurationPlatforms) = postSolution
		{4F7C27F4-96EB-4C70-9777-4EE0F79D310E}.Debug|Any CPU.ActiveCfg = Debug|Any CPU
		{4F7C27F4-96EB-4C70-9777-4EE0F79D310E}.Debug|Any CPU.Build.0 = Debug|Any CPU
		{4F7C27F4-96EB-4C70-9777-4EE0F79D310E}.Release|Any CPU.ActiveCfg = Release|Any CPU
		{4F7C27F4-96EB-4C70-9777-4EE0F79D310E}.Release|Any CPU.Build.0 = Release|Any CPU
	EndGlobalSection
	GlobalSection(SolutionProperties) = preSolution
		HideSolutionNode = FALSE
	EndGlobalSection
	GlobalSection(ExtensibilityGlobals) = postSolution
		SolutionGuid = {4F726609-5E70-472B-B50D-A3399D0094D0}
	EndGlobalSection
EndGlobal
